
Microsoft Visual Studio Solution File, Format Version 12.00
# Visual Studio Version 17
VisualStudioVersion = 17.6.33829.357
MinimumVisualStudioVersion = 10.0.40219.1
Project("{FAE04EC0-301F-11D3-BF4B-00C04F79EFBC}") = "NumberTheory", "NumberTheory.csproj", "{854BFEC3-2852-4F58-92EE-B25D0892D57E}"
EndProject
Project("{FAE04EC0-301F-11D3-BF4B-00C04F79EFBC}") = "NumberTheoryTests", "..\NumberTheoryTests\NumberTheoryTests.csproj", "{53AD2F84-F07F-4634-A443-A8D1A7A557F4}"
EndProject
Global
	GlobalSection(SolutionConfigurationPlatforms) = preSolution
		Debug|Any CPU = Debug|Any CPU
		Release|Any CPU = Release|Any CPU
	EndGlobalSection
	GlobalSection(ProjectConfigurationPlatforms) = postSolution
		{854BFEC3-2852-4F58-92EE-B25D0892D57E}.Debug|Any CPU.ActiveCfg = Debug|Any CPU
		{854BFEC3-2852-4F58-92EE-B25D0892D57E}.Debug|Any CPU.Build.0 = Debug|Any CPU
		{854BFEC3-2852-4F58-92EE-B25D0892D57E}.Release|Any CPU.ActiveCfg = Release|Any CPU
		{854BFEC3-2852-4F58-92EE-B25D0892D57E}.Release|Any CPU.Build.0 = Release|Any CPU
		{53AD2F84-F07F-4634-A443-A8D1A7A557F4}.Debug|Any CPU.ActiveCfg = Debug|Any CPU
		{53AD2F84-F07F-4634-A443-A8D1A7A557F4}.Debug|Any CPU.Build.0 = Debug|Any CPU
		{53AD2F84-F07F-4634-A443-A8D1A7A557F4}.Release|Any CPU.ActiveCfg = Release|Any CPU
		{53AD2F84-F07F-4634-A443-A8D1A7A557F4}.Release|Any CPU.Build.0 = Release|Any CPU
	EndGlobalSection
	GlobalSection(SolutionProperties) = preSolution
		HideSolutionNode = FALSE
	EndGlobalSection
	GlobalSection(ExtensibilityGlobals) = postSolution
		SolutionGuid = {079AC080-DD76-428E-AA2A-810E5A8430F1}
	EndGlobalSection
EndGlobal
